
Microsoft Visual Studio Solution File, Format Version 12.00
# Visual Studio Version 17
VisualStudioVersion = 17.10.35122.118
MinimumVisualStudioVersion = 10.0.40219.1
Project("{FAE04EC0-301F-11D3-BF4B-00C04F79EFBC}") = "Deligates", "Deligates\Deligates.csproj", "{C3A387E8-88E9-4FB6-91BE-8B60673C23D1}"
EndProject
Global
	GlobalSection(SolutionConfigurationPlatforms) = preSolution
		Debug|Any CPU = Debug|Any CPU
		Release|Any CPU = Release|Any CPU
	EndGlobalSection
	GlobalSection(ProjectConfigurationPlatforms) = postSolution
		{C3A387E8-88E9-4FB6-91BE-8B60673C23D1}.Debug|Any CPU.ActiveCfg = Debug|Any CPU
		{C3A387E8-88E9-4FB6-91BE-8B60673C23D1}.Debug|Any CPU.Build.0 = Debug|Any CPU
		{C3A387E8-88E9-4FB6-91BE-8B60673C23D1}.Release|Any CPU.ActiveCfg = Release|Any CPU
		{C3A387E8-88E9-4FB6-91BE-8B60673C23D1}.Release|Any CPU.Build.0 = Release|Any CPU
	EndGlobalSection
	GlobalSection(SolutionProperties) = preSolution
		HideSolutionNode = FALSE
	EndGlobalSection
	GlobalSection(ExtensibilityGlobals) = postSolution
		SolutionGuid = {CCC23709-FED5-4AC6-9298-65D0C2131FB6}
	EndGlobalSection
EndGlobal
