
Microsoft Visual Studio Solution File, Format Version 12.00
# Visual Studio Version 17
VisualStudioVersion = 17.10.35122.118
MinimumVisualStudioVersion = 10.0.40219.1
Project("{FAE04EC0-301F-11D3-BF4B-00C04F79EFBC}") = "BloodDonationApp", "BloodDonationApp\BloodDonationApp.csproj", "{4250FB09-E669-4AFD-9791-D64FA1F930AB}"
EndProject
Global
	GlobalSection(SolutionConfigurationPlatforms) = preSolution
		Debug|Any CPU = Debug|Any CPU
		Release|Any CPU = Release|Any CPU
	EndGlobalSection
	GlobalSection(ProjectConfigurationPlatforms) = postSolution
		{4250FB09-E669-4AFD-9791-D64FA1F930AB}.Debug|Any CPU.ActiveCfg = Debug|Any CPU
		{4250FB09-E669-4AFD-9791-D64FA1F930AB}.Debug|Any CPU.Build.0 = Debug|Any CPU
		{4250FB09-E669-4AFD-9791-D64FA1F930AB}.Release|Any CPU.ActiveCfg = Release|Any CPU
		{4250FB09-E669-4AFD-9791-D64FA1F930AB}.Release|Any CPU.Build.0 = Release|Any CPU
	EndGlobalSection
	GlobalSection(SolutionProperties) = preSolution
		HideSolutionNode = FALSE
	EndGlobalSection
	GlobalSection(ExtensibilityGlobals) = postSolution
		SolutionGuid = {605E0B94-FEF9-47BA-A5CA-F9B0E80697E0}
	EndGlobalSection
EndGlobal
